
Microsoft Visual Studio Solution File, Format Version 12.00
# Visual Studio Version 16
VisualStudioVersion = 16.0.29920.165
MinimumVisualStudioVersion = 10.0.40219.1
Project("{FAE04EC0-301F-11D3-BF4B-00C04F79EFBC}") = "Cw1", "Cw1\Cw1.csproj", "{90D50702-EB19-46FC-A13F-A78183F90885}"
EndProject
Global
	GlobalSection(SolutionConfigurationPlatforms) = preSolution
		Debug|Any CPU = Debug|Any CPU
		Release|Any CPU = Release|Any CPU
	EndGlobalSection
	GlobalSection(ProjectConfigurationPlatforms) = postSolution
		{90D50702-EB19-46FC-A13F-A78183F90885}.Debug|Any CPU.ActiveCfg = Debug|Any CPU
		{90D50702-EB19-46FC-A13F-A78183F90885}.Debug|Any CPU.Build.0 = Debug|Any CPU
		{90D50702-EB19-46FC-A13F-A78183F90885}.Release|Any CPU.ActiveCfg = Release|Any CPU
		{90D50702-EB19-46FC-A13F-A78183F90885}.Release|Any CPU.Build.0 = Release|Any CPU
	EndGlobalSection
	GlobalSection(SolutionProperties) = preSolution
		HideSolutionNode = FALSE
	EndGlobalSection
	GlobalSection(ExtensibilityGlobals) = postSolution
		SolutionGuid = {C93EA9A7-CFAE-4054-86DA-F9A8DD9884B4}
	EndGlobalSection
EndGlobal
